
Microsoft Visual Studio Solution File, Format Version 12.00
# Visual Studio Version 16
VisualStudioVersion = 16.0.29806.167
MinimumVisualStudioVersion = 10.0.40219.1
Project("{FAE04EC0-301F-11D3-BF4B-00C04F79EFBC}") = "Try-Best", "Try-Best\Try-Best.csproj", "{046CAC94-7F88-4949-BBDA-0D89FE62B36D}"
EndProject
Global
	GlobalSection(SolutionConfigurationPlatforms) = preSolution
		Debug|Any CPU = Debug|Any CPU
		Release|Any CPU = Release|Any CPU
	EndGlobalSection
	GlobalSection(ProjectConfigurationPlatforms) = postSolution
		{046CAC94-7F88-4949-BBDA-0D89FE62B36D}.Debug|Any CPU.ActiveCfg = Debug|Any CPU
		{046CAC94-7F88-4949-BBDA-0D89FE62B36D}.Debug|Any CPU.Build.0 = Debug|Any CPU
		{046CAC94-7F88-4949-BBDA-0D89FE62B36D}.Release|Any CPU.ActiveCfg = Release|Any CPU
		{046CAC94-7F88-4949-BBDA-0D89FE62B36D}.Release|Any CPU.Build.0 = Release|Any CPU
	EndGlobalSection
	GlobalSection(SolutionProperties) = preSolution
		HideSolutionNode = FALSE
	EndGlobalSection
	GlobalSection(ExtensibilityGlobals) = postSolution
		SolutionGuid = {14D23FDF-FEBE-414B-AAA1-EDBAB5D3C309}
	EndGlobalSection
EndGlobal
